// !$*UTF8*$!
{
	archiveVersion = 1;
	classes = {
	};
	objectVersion = 46;
	objects = {

/* Begin PBXBuildFile section */
		EE4236E21F0E3EC7003DD126 /* AppDelegate.swift in Sources */ = {isa = PBXBuildFile; fileRef = EE4236D31F0E3EC7003DD126 /* AppDelegate.swift */; };
		EE4236E31F0E3EC7003DD126 /* Assets.xcassets in Resources */ = {isa = PBXBuildFile; fileRef = EE4236D41F0E3EC7003DD126 /* Assets.xcassets */; };
		EE4236E41F0E3EC7003DD126 /* LaunchScreen.storyboard in Resources */ = {isa = PBXBuildFile; fileRef = EE4236D51F0E3EC7003DD126 /* LaunchScreen.storyboard */; };
		EE4236E51F0E3EC7003DD126 /* HomeController.swift in Sources */ = {isa = PBXBuildFile; fileRef = EE4236D81F0E3EC7003DD126 /* HomeController.swift */; };
		EE4236E61F0E3EC7003DD126 /* ViewControllerFromStoryboard.swift in Sources */ = {isa = PBXBuildFile; fileRef = EE4236D91F0E3EC7003DD126 /* ViewControllerFromStoryboard.swift */; };
		EE4236E71F0E3EC7003DD126 /* ViewControllerWithNib.swift in Sources */ = {isa = PBXBuildFile; fileRef = EE4236DA1F0E3EC7003DD126 /* ViewControllerWithNib.swift */; };
		EE4236E81F0E3EC8003DD126 /* ViewControllerWithNib.xib in Resources */ = {isa = PBXBuildFile; fileRef = EE4236DB1F0E3EC7003DD126 /* ViewControllerWithNib.xib */; };
		EE4236E91F0E3EC8003DD126 /* YYHud.swift in Sources */ = {isa = PBXBuildFile; fileRef = EE4236DD1F0E3EC7003DD126 /* YYHud.swift */; };
		EE4236EA1F0E3EC8003DD126 /* YYHud.xcassets in Resources */ = {isa = PBXBuildFile; fileRef = EE4236DE1F0E3EC7003DD126 /* YYHud.xcassets */; };
		EE4236EB1F0E3EC8003DD126 /* YYHud.xib in Resources */ = {isa = PBXBuildFile; fileRef = EE4236DF1F0E3EC7003DD126 /* YYHud.xib */; };
		EE4236ED1F0E3EC8003DD126 /* Main.storyboard in Resources */ = {isa = PBXBuildFile; fileRef = EE4236E11F0E3EC7003DD126 /* Main.storyboard */; };
		EE4236F31F0E3ED7003DD126 /* JMRouter.swift in Sources */ = {isa = PBXBuildFile; fileRef = EE4236EF1F0E3ED7003DD126 /* JMRouter.swift */; };
		EE4236F41F0E3ED7003DD126 /* JMRouterAction.swift in Sources */ = {isa = PBXBuildFile; fileRef = EE4236F01F0E3ED7003DD126 /* JMRouterAction.swift */; };
		EE4236F51F0E3ED7003DD126 /* JMRouterFoundation.swift in Sources */ = {isa = PBXBuildFile; fileRef = EE4236F11F0E3ED7003DD126 /* JMRouterFoundation.swift */; };
		EE4236F61F0E3ED7003DD126 /* JMRouterPage.swift in Sources */ = {isa = PBXBuildFile; fileRef = EE4236F21F0E3ED7003DD126 /* JMRouterPage.swift */; };
/* End PBXBuildFile section */

/* Begin PBXFileReference section */
		EE4236D31F0E3EC7003DD126 /* AppDelegate.swift */ = {isa = PBXFileReference; fileEncoding = 4; lastKnownFileType = sourcecode.swift; path = AppDelegate.swift; sourceTree = "<group>"; };
		EE4236D41F0E3EC7003DD126 /* Assets.xcassets */ = {isa = PBXFileReference; lastKnownFileType = folder.assetcatalog; path = Assets.xcassets; sourceTree = "<group>"; };
		EE4236D61F0E3EC7003DD126 /* Base */ = {isa = PBXFileReference; lastKnownFileType = file.storyboard; name = Base; path = Base.lproj/LaunchScreen.storyboard; sourceTree = "<group>"; };
		EE4236D81F0E3EC7003DD126 /* HomeController.swift */ = {isa = PBXFileReference; fileEncoding = 4; lastKnownFileType = sourcecode.swift; path = HomeController.swift; sourceTree = "<group>"; };
		EE4236D91F0E3EC7003DD126 /* ViewControllerFromStoryboard.swift */ = {isa = PBXFileReference; fileEncoding = 4; lastKnownFileType = sourcecode.swift; path = ViewControllerFromStoryboard.swift; sourceTree = "<group>"; };
		EE4236DA1F0E3EC7003DD126 /* ViewControllerWithNib.swift */ = {isa = PBXFileReference; fileEncoding = 4; lastKnownFileType = sourcecode.swift; path = ViewControllerWithNib.swift; sourceTree = "<group>"; };
		EE4236DB1F0E3EC7003DD126 /* ViewControllerWithNib.xib */ = {isa = PBXFileReference; fileEncoding = 4; lastKnownFileType = file.xib; path = ViewControllerWithNib.xib; sourceTree = "<group>"; };
		EE4236DD1F0E3EC7003DD126 /* YYHud.swift */ = {isa = PBXFileReference; fileEncoding = 4; lastKnownFileType = sourcecode.swift; path = YYHud.swift; sourceTree = "<group>"; };
		EE4236DE1F0E3EC7003DD126 /* YYHud.xcassets */ = {isa = PBXFileReference; lastKnownFileType = folder.assetcatalog; path = YYHud.xcassets; sourceTree = "<group>"; };
		EE4236DF1F0E3EC7003DD126 /* YYHud.xib */ = {isa = PBXFileReference; fileEncoding = 4; lastKnownFileType = file.xib; path = YYHud.xib; sourceTree = "<group>"; };
		EE4236E01F0E3EC7003DD126 /* Info.plist */ = {isa = PBXFileReference; fileEncoding = 4; lastKnownFileType = text.plist.xml; path = Info.plist; sourceTree = "<group>"; };
		EE4236E11F0E3EC7003DD126 /* Main.storyboard */ = {isa = PBXFileReference; fileEncoding = 4; lastKnownFileType = file.storyboard; path = Main.storyboard; sourceTree = "<group>"; };
		EE4236EF1F0E3ED7003DD126 /* JMRouter.swift */ = {isa = PBXFileReference; fileEncoding = 4; lastKnownFileType = sourcecode.swift; path = JMRouter.swift; sourceTree = "<group>"; };
		EE4236F01F0E3ED7003DD126 /* JMRouterAction.swift */ = {isa = PBXFileReference; fileEncoding = 4; lastKnownFileType = sourcecode.swift; path = JMRouterAction.swift; sourceTree = "<group>"; };
		EE4236F11F0E3ED7003DD126 /* JMRouterFoundation.swift */ = {isa = PBXFileReference; fileEncoding = 4; lastKnownFileType = sourcecode.swift; path = JMRouterFoundation.swift; sourceTree = "<group>"; };
		EE4236F21F0E3ED7003DD126 /* JMRouterPage.swift */ = {isa = PBXFileReference; fileEncoding = 4; lastKnownFileType = sourcecode.swift; path = JMRouterPage.swift; sourceTree = "<group>"; };
		EEB5F2501F0E3BAF0032D197 /* JMRouter.app */ = {isa = PBXFileReference; explicitFileType = wrapper.application; includeInIndex = 0; path = JMRouter.app; sourceTree = BUILT_PRODUCTS_DIR; };
/* End PBXFileReference section */

/* Begin PBXFrameworksBuildPhase section */
		EEB5F24D1F0E3BAF0032D197 /* Frameworks */ = {
			isa = PBXFrameworksBuildPhase;
			buildActionMask = 2147483647;
			files = (
			);
			runOnlyForDeploymentPostprocessing = 0;
		};
/* End PBXFrameworksBuildPhase section */

/* Begin PBXGroup section */
		EE4236D21F0E3EC7003DD126 /* JMRouter */ = {
			isa = PBXGroup;
			children = (
				EE4236D31F0E3EC7003DD126 /* AppDelegate.swift */,
				EE4236E11F0E3EC7003DD126 /* Main.storyboard */,
				EE4236EE1F0E3ED7003DD126 /* JMRouter */,
				EE4236D71F0E3EC7003DD126 /* Demo */,
				EE4236D41F0E3EC7003DD126 /* Assets.xcassets */,
				EE4236D51F0E3EC7003DD126 /* LaunchScreen.storyboard */,
				EE4236E01F0E3EC7003DD126 /* Info.plist */,
			);
			path = JMRouter;
			sourceTree = "<group>";
		};
		EE4236D71F0E3EC7003DD126 /* Demo */ = {
			isa = PBXGroup;
			children = (
				EE4236D81F0E3EC7003DD126 /* HomeController.swift */,
				EE4236D91F0E3EC7003DD126 /* ViewControllerFromStoryboard.swift */,
				EE4236DA1F0E3EC7003DD126 /* ViewControllerWithNib.swift */,
				EE4236DB1F0E3EC7003DD126 /* ViewControllerWithNib.xib */,
				EE4236DC1F0E3EC7003DD126 /* YYHud */,
			);
			path = Demo;
			sourceTree = "<group>";
		};
		EE4236DC1F0E3EC7003DD126 /* YYHud */ = {
			isa = PBXGroup;
			children = (
				EE4236DD1F0E3EC7003DD126 /* YYHud.swift */,
				EE4236DE1F0E3EC7003DD126 /* YYHud.xcassets */,
				EE4236DF1F0E3EC7003DD126 /* YYHud.xib */,
			);
			path = YYHud;
			sourceTree = "<group>";
		};
		EE4236EE1F0E3ED7003DD126 /* JMRouter */ = {
			isa = PBXGroup;
			children = (
				EE4236EF1F0E3ED7003DD126 /* JMRouter.swift */,
				EE4236F21F0E3ED7003DD126 /* JMRouterPage.swift */,
				EE4236F01F0E3ED7003DD126 /* JMRouterAction.swift */,
				EE4236F11F0E3ED7003DD126 /* JMRouterFoundation.swift */,
			);
			name = JMRouter;
			path = ../../JMRouter;
			sourceTree = "<group>";
		};
		EEB5F2471F0E3BAF0032D197 = {
			isa = PBXGroup;
			children = (
				EE4236D21F0E3EC7003DD126 /* JMRouter */,
				EEB5F2511F0E3BAF0032D197 /* Products */,
			);
			sourceTree = "<group>";
		};
		EEB5F2511F0E3BAF0032D197 /* Products */ = {
			isa = PBXGroup;
			children = (
				EEB5F2501F0E3BAF0032D197 /* JMRouter.app */,
			);
			name = Products;
			sourceTree = "<group>";
		};
/* End PBXGroup section */

/* Begin PBXNativeTarget section */
		EEB5F24F1F0E3BAF0032D197 /* JMRouter */ = {
			isa = PBXNativeTarget;
			buildConfigurationList = EEB5F2621F0E3BAF0032D197 /* Build configuration list for PBXNativeTarget "JMRouter" */;
			buildPhases = (
				EEB5F24C1F0E3BAF0032D197 /* Sources */,
				EEB5F24D1F0E3BAF0032D197 /* Frameworks */,
				EEB5F24E1F0E3BAF0032D197 /* Resources */,
			);
			buildRules = (
			);
			dependencies = (
			);
			name = JMRouter;
			productName = JMRouter;
			productReference = EEB5F2501F0E3BAF0032D197 /* JMRouter.app */;
			productType = "com.apple.product-type.application";
		};
/* End PBXNativeTarget section */

/* Begin PBXProject section */
		EEB5F2481F0E3BAF0032D197 /* Project object */ = {
			isa = PBXProject;
			attributes = {
				LastSwiftUpdateCheck = 0830;
				LastUpgradeCheck = 0910;
				ORGANIZATIONNAME = jumei;
				TargetAttributes = {
					EEB5F24F1F0E3BAF0032D197 = {
						CreatedOnToolsVersion = 8.3.3;
						DevelopmentTeam = 24KJRC9CBU;
						ProvisioningStyle = Automatic;
					};
				};
			};
			buildConfigurationList = EEB5F24B1F0E3BAF0032D197 /* Build configuration list for PBXProject "JMRouter" */;
			compatibilityVersion = "Xcode 3.2";
			developmentRegion = English;
			hasScannedForEncodings = 0;
			knownRegions = (
				en,
				Base,
			);
			mainGroup = EEB5F2471F0E3BAF0032D197;
			productRefGroup = EEB5F2511F0E3BAF0032D197 /* Products */;
			projectDirPath = "";
			projectRoot = "";
			targets = (
				EEB5F24F1F0E3BAF0032D197 /* JMRouter */,
			);
		};
/* End PBXProject section */

/* Begin PBXResourcesBuildPhase section */
		EEB5F24E1F0E3BAF0032D197 /* Resources */ = {
			isa = PBXResourcesBuildPhase;
			buildActionMask = 2147483647;
			files = (
				EE4236ED1F0E3EC8003DD126 /* Main.storyboard in Resources */,
				EE4236E31F0E3EC7003DD126 /* Assets.xcassets in Resources */,
				EE4236EA1F0E3EC8003DD126 /* YYHud.xcassets in Resources */,
				EE4236E81F0E3EC8003DD126 /* ViewControllerWithNib.xib in Resources */,
				EE4236E41F0E3EC7003DD126 /* LaunchScreen.storyboard in Resources */,
				EE4236EB1F0E3EC8003DD126 /* YYHud.xib in Resources */,
			);
			runOnlyForDeploymentPostprocessing = 0;
		};
/* End PBXResourcesBuildPhase section */

/* Begin PBXSourcesBuildPhase section */
		EEB5F24C1F0E3BAF0032D197 /* Sources */ = {
			isa = PBXSourcesBuildPhase;
			buildActionMask = 2147483647;
			files = (
				EE4236F61F0E3ED7003DD126 /* JMRouterPage.swift in Sources */,
				EE4236E51F0E3EC7003DD126 /* HomeController.swift in Sources */,
				EE4236F41F0E3ED7003DD126 /* JMRouterAction.swift in Sources */,
				EE4236F51F0E3ED7003DD126 /* JMRouterFoundation.swift in Sources */,
				EE4236F31F0E3ED7003DD126 /* JMRouter.swift in Sources */,
				EE4236E61F0E3EC7003DD126 /* ViewControllerFromStoryboard.swift in Sources */,
				EE4236E71F0E3EC7003DD126 /* ViewControllerWithNib.swift in Sources */,
				EE4236E91F0E3EC8003DD126 /* YYHud.swift in Sources */,
				EE4236E21F0E3EC7003DD126 /* AppDelegate.swift in Sources */,
			);
			runOnlyForDeploymentPostprocessing = 0;
		};
/* End PBXSourcesBuildPhase section */

/* Begin PBXVariantGroup section */
		EE4236D51F0E3EC7003DD126 /* LaunchScreen.storyboard */ = {
			isa = PBXVariantGroup;
			children = (
				EE4236D61F0E3EC7003DD126 /* Base */,
			);
			name = LaunchScreen.storyboard;
			sourceTree = "<group>";
		};
/* End PBXVariantGroup section */

/* Begin XCBuildConfiguration section */
		EEB5F2601F0E3BAF0032D197 /* Debug */ = {
			isa = XCBuildConfiguration;
			buildSettings = {
				ALWAYS_SEARCH_USER_PATHS = NO;
				CLANG_ANALYZER_NONNULL = YES;
				CLANG_ANALYZER_NUMBER_OBJECT_CONVERSION = YES_AGGRESSIVE;
				CLANG_CXX_LANGUAGE_STANDARD = "gnu++0x";
				CLANG_CXX_LIBRARY = "libc++";
				CLANG_ENABLE_MODULES = YES;
				CLANG_ENABLE_OBJC_ARC = YES;
				CLANG_WARN_BLOCK_CAPTURE_AUTORELEASING = YES;
				CLANG_WARN_BOOL_CONVERSION = YES;
				CLANG_WARN_COMMA = YES;
				CLANG_WARN_CONSTANT_CONVERSION = YES;
				CLANG_WARN_DIRECT_OBJC_ISA_USAGE = YES_ERROR;
				CLANG_WARN_DOCUMENTATION_COMMENTS = YES;
				CLANG_WARN_EMPTY_BODY = YES;
				CLANG_WARN_ENUM_CONVERSION = YES;
				CLANG_WARN_INFINITE_RECURSION = YES;
				CLANG_WARN_INT_CONVERSION = YES;
				CLANG_WARN_NON_LITERAL_NULL_CONVERSION = YES;
				CLANG_WARN_OBJC_LITERAL_CONVERSION = YES;
				CLANG_WARN_OBJC_ROOT_CLASS = YES_ERROR;
				CLANG_WARN_RANGE_LOOP_ANALYSIS = YES;
				CLANG_WARN_STRICT_PROTOTYPES = YES;
				CLANG_WARN_SUSPICIOUS_MOVE = YES;
				CLANG_WARN_UNREACHABLE_CODE = YES;
				CLANG_WARN__DUPLICATE_METHOD_MATCH = YES;
				"CODE_SIGN_IDENTITY[sdk=iphoneos*]" = "iPhone Developer";
				COPY_PHASE_STRIP = NO;
				DEBUG_INFORMATION_FORMAT = dwarf;
				ENABLE_STRICT_OBJC_MSGSEND = YES;
				ENABLE_TESTABILITY = YES;
				GCC_C_LANGUAGE_STANDARD = gnu99;
				GCC_DYNAMIC_NO_PIC = NO;
				GCC_NO_COMMON_BLOCKS = YES;
				GCC_OPTIMIZATION_LEVEL = 0;
				GCC_PREPROCESSOR_DEFINITIONS = (
					"DEBUG=1",
					"$(inherited)",
				);
				GCC_WARN_64_TO_32_BIT_CONVERSION = YES;
				GCC_WARN_ABOUT_RETURN_TYPE = YES_ERROR;
				GCC_WARN_UNDECLARED_SELECTOR = YES;
				GCC_WARN_UNINITIALIZED_AUTOS = YES_AGGRESSIVE;
				GCC_WARN_UNUSED_FUNCTION = YES;
				GCC_WARN_UNUSED_VARIABLE = YES;
				IPHONEOS_DEPLOYMENT_TARGET = 10.3;
				MTL_ENABLE_DEBUG_INFO = YES;
				ONLY_ACTIVE_ARCH = YES;
				SDKROOT = iphoneos;
				SWIFT_ACTIVE_COMPILATION_CONDITIONS = DEBUG;
				SWIFT_OPTIMIZATION_LEVEL = "-Onone";
			};
			name = Debug;
		};
		EEB5F2611F0E3BAF0032D197 /* Release */ = {
			isa = XCBuildConfiguration;
			buildSettings = {
				ALWAYS_SEARCH_USER_PATHS = NO;
				CLANG_ANALYZER_NONNULL = YES;
				CLANG_ANALYZER_NUMBER_OBJECT_CONVERSION = YES_AGGRESSIVE;
				CLANG_CXX_LANGUAGE_STANDARD = "gnu++0x";
				CLANG_CXX_LIBRARY = "libc++";
				CLANG_ENABLE_MODULES = YES;
				CLANG_ENABLE_OBJC_ARC = YES;
				CLANG_WARN_BLOCK_CAPTURE_AUTORELEASING = YES;
				CLANG_WARN_BOOL_CONVERSION = YES;
				CLANG_WARN_COMMA = YES;
				CLANG_WARN_CONSTANT_CONVERSION = YES;
				CLANG_WARN_DIRECT_OBJC_ISA_USAGE = YES_ERROR;
				CLANG_WARN_DOCUMENTATION_COMMENTS = YES;
				CLANG_WARN_EMPTY_BODY = YES;
				CLANG_WARN_ENUM_CONVERSION = YES;
				CLANG_WARN_INFINITE_RECURSION = YES;
				CLANG_WARN_INT_CONVERSION = YES;
				CLANG_WARN_NON_LITERAL_NULL_CONVERSION = YES;
				CLANG_WARN_OBJC_LITERAL_CONVERSION = YES;
				CLANG_WARN_OBJC_ROOT_CLASS = YES_ERROR;
				CLANG_WARN_RANGE_LOOP_ANALYSIS = YES;
				CLANG_WARN_STRICT_PROTOTYPES = YES;
				CLANG_WARN_SUSPICIOUS_MOVE = YES;
				CLANG_WARN_UNREACHABLE_CODE = YES;
				CLANG_WARN__DUPLICATE_METHOD_MATCH = YES;
				"CODE_SIGN_IDENTITY[sdk=iphoneos*]" = "iPhone Developer";
				COPY_PHASE_STRIP = NO;
				DEBUG_INFORMATION_FORMAT = "dwarf-with-dsym";
				ENABLE_NS_ASSERTIONS = NO;
				ENABLE_STRICT_OBJC_MSGSEND = YES;
				GCC_C_LANGUAGE_STANDARD = gnu99;
				GCC_NO_COMMON_BLOCKS = YES;
				GCC_WARN_64_TO_32_BIT_CONVERSION = YES;
				GCC_WARN_ABOUT_RETURN_TYPE = YES_ERROR;
				GCC_WARN_UNDECLARED_SELECTOR = YES;
				GCC_WARN_UNINITIALIZED_AUTOS = YES_AGGRESSIVE;
				GCC_WARN_UNUSED_FUNCTION = YES;
				GCC_WARN_UNUSED_VARIABLE = YES;
				IPHONEOS_DEPLOYMENT_TARGET = 10.3;
				MTL_ENABLE_DEBUG_INFO = NO;
				SDKROOT = iphoneos;
				SWIFT_OPTIMIZATION_LEVEL = "-Owholemodule";
				VALIDATE_PRODUCT = YES;
			};
			name = Release;
		};
		EEB5F2631F0E3BAF0032D197 /* Debug */ = {
			isa = XCBuildConfiguration;
			buildSettings = {
				ASSETCATALOG_COMPILER_APPICON_NAME = AppIcon;
				DEVELOPMENT_TEAM = 24KJRC9CBU;
				INFOPLIST_FILE = JMRouter/Info.plist;
				IPHONEOS_DEPLOYMENT_TARGET = 8.0;
				LD_RUNPATH_SEARCH_PATHS = "$(inherited) @executable_path/Frameworks";
				PRODUCT_BUNDLE_IDENTIFIER = com.jumei.opensource.JMRouter;
				PRODUCT_NAME = "$(TARGET_NAME)";
				SWIFT_VERSION = 4.0;
			};
			name = Debug;
		};
		EEB5F2641F0E3BAF0032D197 /* Release */ = {
			isa = XCBuildConfiguration;
			buildSettings = {
				ASSETCATALOG_COMPILER_APPICON_NAME = AppIcon;
				DEVELOPMENT_TEAM = 24KJRC9CBU;
				INFOPLIST_FILE = JMRouter/Info.plist;
				IPHONEOS_DEPLOYMENT_TARGET = 8.0;
				LD_RUNPATH_SEARCH_PATHS = "$(inherited) @executable_path/Frameworks";
				PRODUCT_BUNDLE_IDENTIFIER = com.jumei.opensource.JMRouter;
				PRODUCT_NAME = "$(TARGET_NAME)";
				SWIFT_VERSION = 4.0;
			};
			name = Release;
		};
/* End XCBuildConfiguration section */

/* Begin XCConfigurationList section */
		EEB5F24B1F0E3BAF0032D197 /* Build configuration list for PBXProject "JMRouter" */ = {
			isa = XCConfigurationList;
			buildConfigurations = (
				EEB5F2601F0E3BAF0032D197 /* Debug */,
				EEB5F2611F0E3BAF0032D197 /* Release */,
			);
			defaultConfigurationIsVisible = 0;
			defaultConfigurationName = Release;
		};
		EEB5F2621F0E3BAF0032D197 /* Build configuration list for PBXNativeTarget "JMRouter" */ = {
			isa = XCConfigurationList;
			buildConfigurations = (
				EEB5F2631F0E3BAF0032D197 /* Debug */,
				EEB5F2641F0E3BAF0032D197 /* Release */,
			);
			defaultConfigurationIsVisible = 0;
			defaultConfigurationName = Release;
		};
/* End XCConfigurationList section */
	};
	rootObject = EEB5F2481F0E3BAF0032D197 /* Project object */;
}
